
Microsoft Visual Studio Solution File, Format Version 12.00
# Visual Studio Version 16
VisualStudioVersion = 16.0.31205.134
MinimumVisualStudioVersion = 10.0.40219.1
Project("{FAE04EC0-301F-11D3-BF4B-00C04F79EFBC}") = "UrlShortner", "UrlShortner\UrlShortner.csproj", "{71C48D66-BE4A-44F9-AE21-A82CBADBAD61}"
EndProject
Global
	GlobalSection(SolutionConfigurationPlatforms) = preSolution
		Debug|Any CPU = Debug|Any CPU
		Release|Any CPU = Release|Any CPU
	EndGlobalSection
	GlobalSection(ProjectConfigurationPlatforms) = postSolution
		{71C48D66-BE4A-44F9-AE21-A82CBADBAD61}.Debug|Any CPU.ActiveCfg = Debug|Any CPU
		{71C48D66-BE4A-44F9-AE21-A82CBADBAD61}.Debug|Any CPU.Build.0 = Debug|Any CPU
		{71C48D66-BE4A-44F9-AE21-A82CBADBAD61}.Release|Any CPU.ActiveCfg = Release|Any CPU
		{71C48D66-BE4A-44F9-AE21-A82CBADBAD61}.Release|Any CPU.Build.0 = Release|Any CPU
	EndGlobalSection
	GlobalSection(SolutionProperties) = preSolution
		HideSolutionNode = FALSE
	EndGlobalSection
	GlobalSection(ExtensibilityGlobals) = postSolution
		SolutionGuid = {49CC60F7-7F2B-4745-9917-F60A5D8CBFAF}
	EndGlobalSection
EndGlobal
